
Microsoft Visual Studio Solution File, Format Version 12.00
# Visual Studio Version 17
VisualStudioVersion = 17.3.32804.467
MinimumVisualStudioVersion = 10.0.40219.1
Project("{FAE04EC0-301F-11D3-BF4B-00C04F79EFBC}") = "Project1", "Project1\Project1.csproj", "{8EA00726-81A9-459B-AFFA-3844CC53FDA7}"
EndProject
Global
	GlobalSection(SolutionConfigurationPlatforms) = preSolution
		Debug|Any CPU = Debug|Any CPU
		Release|Any CPU = Release|Any CPU
	EndGlobalSection
	GlobalSection(ProjectConfigurationPlatforms) = postSolution
		{8EA00726-81A9-459B-AFFA-3844CC53FDA7}.Debug|Any CPU.ActiveCfg = Debug|Any CPU
		{8EA00726-81A9-459B-AFFA-3844CC53FDA7}.Debug|Any CPU.Build.0 = Debug|Any CPU
		{8EA00726-81A9-459B-AFFA-3844CC53FDA7}.Release|Any CPU.ActiveCfg = Release|Any CPU
		{8EA00726-81A9-459B-AFFA-3844CC53FDA7}.Release|Any CPU.Build.0 = Release|Any CPU
	EndGlobalSection
	GlobalSection(SolutionProperties) = preSolution
		HideSolutionNode = FALSE
	EndGlobalSection
	GlobalSection(ExtensibilityGlobals) = postSolution
		SolutionGuid = {77B538C2-C277-4070-8178-61E91E74791B}
	EndGlobalSection
EndGlobal
